
Microsoft Visual Studio Solution File, Format Version 12.00
# Visual Studio Version 16
VisualStudioVersion = 16.0.30907.101
MinimumVisualStudioVersion = 10.0.40219.1
Project("{FAE04EC0-301F-11D3-BF4B-00C04F79EFBC}") = "ByAnElephant", "ByAnElephant\ByAnElephant.csproj", "{6A4519E0-6C97-4BBB-AE9D-4112B9B9884D}"
EndProject
Global
	GlobalSection(SolutionConfigurationPlatforms) = preSolution
		Debug|Any CPU = Debug|Any CPU
		Release|Any CPU = Release|Any CPU
	EndGlobalSection
	GlobalSection(ProjectConfigurationPlatforms) = postSolution
		{6A4519E0-6C97-4BBB-AE9D-4112B9B9884D}.Debug|Any CPU.ActiveCfg = Debug|Any CPU
		{6A4519E0-6C97-4BBB-AE9D-4112B9B9884D}.Debug|Any CPU.Build.0 = Debug|Any CPU
		{6A4519E0-6C97-4BBB-AE9D-4112B9B9884D}.Release|Any CPU.ActiveCfg = Release|Any CPU
		{6A4519E0-6C97-4BBB-AE9D-4112B9B9884D}.Release|Any CPU.Build.0 = Release|Any CPU
	EndGlobalSection
	GlobalSection(SolutionProperties) = preSolution
		HideSolutionNode = FALSE
	EndGlobalSection
	GlobalSection(ExtensibilityGlobals) = postSolution
		SolutionGuid = {FE9B23A5-CF4F-4A03-8111-75C4B5C10C94}
	EndGlobalSection
EndGlobal
