
Microsoft Visual Studio Solution File, Format Version 12.00
# Visual Studio Version 16
VisualStudioVersion = 16.0.30907.101
MinimumVisualStudioVersion = 10.0.40219.1
Project("{FAE04EC0-301F-11D3-BF4B-00C04F79EFBC}") = "Calculator", "Calculator\Calculator.csproj", "{67701CA6-0C2C-44F8-B967-AACB5F2F22EF}"
EndProject
Global
	GlobalSection(SolutionConfigurationPlatforms) = preSolution
		Debug|Any CPU = Debug|Any CPU
		Release|Any CPU = Release|Any CPU
	EndGlobalSection
	GlobalSection(ProjectConfigurationPlatforms) = postSolution
		{67701CA6-0C2C-44F8-B967-AACB5F2F22EF}.Debug|Any CPU.ActiveCfg = Debug|Any CPU
		{67701CA6-0C2C-44F8-B967-AACB5F2F22EF}.Debug|Any CPU.Build.0 = Debug|Any CPU
		{67701CA6-0C2C-44F8-B967-AACB5F2F22EF}.Release|Any CPU.ActiveCfg = Release|Any CPU
		{67701CA6-0C2C-44F8-B967-AACB5F2F22EF}.Release|Any CPU.Build.0 = Release|Any CPU
	EndGlobalSection
	GlobalSection(SolutionProperties) = preSolution
		HideSolutionNode = FALSE
	EndGlobalSection
	GlobalSection(ExtensibilityGlobals) = postSolution
		SolutionGuid = {C49B8C19-ED92-40A0-9184-C95E3662585C}
	EndGlobalSection
EndGlobal
